
Microsoft Visual Studio Solution File, Format Version 12.00
# Visual Studio Express 2013 for Windows
VisualStudioVersion = 12.0.31101.0
MinimumVisualStudioVersion = 10.0.40219.1
Project("{2150E333-8FDC-42A3-9474-1A3956D46DE8}") = "SharedApp", "SharedApp", "{9DB291F5-D60A-429D-9ECA-400771B42ABE}"
EndProject
Project("{D954291E-2A0B-460D-934E-DC6B0785DB48}") = "Hello_Ball_JS.Shared", "Hello Ball JS\Hello_Ball_JS.Shared\Hello_Ball_JS.Shared.shproj", "{35815117-1642-4755-91AD-68835FC5EDDC}"
EndProject
Project("{262852C6-CD72-467D-83FE-5EEB1973A190}") = "Hello_Ball_JS.Windows", "Hello Ball JS\Hello_Ball_JS.Windows\Hello_Ball_JS.Windows.jsproj", "{A5655C45-34C7-410F-9EE7-A71CAB697AA3}"
EndProject
Project("{262852C6-CD72-467D-83FE-5EEB1973A190}") = "Hello_Ball_JS.WindowsPhone", "Hello Ball JS\Hello_Ball_JS.WindowsPhone\Hello_Ball_JS.WindowsPhone.jsproj", "{4D03285A-E48D-432C-8D87-ED34F631949F}"
EndProject
Global
	GlobalSection(SharedMSBuildProjectFiles) = preSolution
		Hello Ball JS\Hello_Ball_JS.Shared\Hello_Ball_JS.Shared.projitems*{a5655c45-34c7-410f-9ee7-a71cab697aa3}*SharedItemsImports = 5
		Hello Ball JS\Hello_Ball_JS.Shared\Hello_Ball_JS.Shared.projitems*{4d03285a-e48d-432c-8d87-ed34f631949f}*SharedItemsImports = 5
		Hello Ball JS\Hello_Ball_JS.Shared\Hello_Ball_JS.Shared.projitems*{35815117-1642-4755-91ad-68835fc5eddc}*SharedItemsImports = 13
	EndGlobalSection
	GlobalSection(SolutionConfigurationPlatforms) = preSolution
		Debug|Any CPU = Debug|Any CPU
		Debug|ARM = Debug|ARM
		Debug|x64 = Debug|x64
		Debug|x86 = Debug|x86
		Release|Any CPU = Release|Any CPU
		Release|ARM = Release|ARM
		Release|x64 = Release|x64
		Release|x86 = Release|x86
	EndGlobalSection
	GlobalSection(ProjectConfigurationPlatforms) = postSolution
		{A5655C45-34C7-410F-9EE7-A71CAB697AA3}.Debug|Any CPU.ActiveCfg = Debug|Any CPU
		{A5655C45-34C7-410F-9EE7-A71CAB697AA3}.Debug|Any CPU.Build.0 = Debug|Any CPU
		{A5655C45-34C7-410F-9EE7-A71CAB697AA3}.Debug|Any CPU.Deploy.0 = Debug|Any CPU
		{A5655C45-34C7-410F-9EE7-A71CAB697AA3}.Debug|ARM.ActiveCfg = Debug|ARM
		{A5655C45-34C7-410F-9EE7-A71CAB697AA3}.Debug|ARM.Build.0 = Debug|ARM
		{A5655C45-34C7-410F-9EE7-A71CAB697AA3}.Debug|ARM.Deploy.0 = Debug|ARM
		{A5655C45-34C7-410F-9EE7-A71CAB697AA3}.Debug|x64.ActiveCfg = Debug|x64
		{A5655C45-34C7-410F-9EE7-A71CAB697AA3}.Debug|x64.Build.0 = Debug|x64
		{A5655C45-34C7-410F-9EE7-A71CAB697AA3}.Debug|x64.Deploy.0 = Debug|x64
		{A5655C45-34C7-410F-9EE7-A71CAB697AA3}.Debug|x86.ActiveCfg = Debug|x86
		{A5655C45-34C7-410F-9EE7-A71CAB697AA3}.Debug|x86.Build.0 = Debug|x86
		{A5655C45-34C7-410F-9EE7-A71CAB697AA3}.Debug|x86.Deploy.0 = Debug|x86
		{A5655C45-34C7-410F-9EE7-A71CAB697AA3}.Release|Any CPU.ActiveCfg = Release|Any CPU
		{A5655C45-34C7-410F-9EE7-A71CAB697AA3}.Release|Any CPU.Build.0 = Release|Any CPU
		{A5655C45-34C7-410F-9EE7-A71CAB697AA3}.Release|Any CPU.Deploy.0 = Release|Any CPU
		{A5655C45-34C7-410F-9EE7-A71CAB697AA3}.Release|ARM.ActiveCfg = Release|ARM
		{A5655C45-34C7-410F-9EE7-A71CAB697AA3}.Release|ARM.Build.0 = Release|ARM
		{A5655C45-34C7-410F-9EE7-A71CAB697AA3}.Release|ARM.Deploy.0 = Release|ARM
		{A5655C45-34C7-410F-9EE7-A71CAB697AA3}.Release|x64.ActiveCfg = Release|x64
		{A5655C45-34C7-410F-9EE7-A71CAB697AA3}.Release|x64.Build.0 = Release|x64
		{A5655C45-34C7-410F-9EE7-A71CAB697AA3}.Release|x64.Deploy.0 = Release|x64
		{A5655C45-34C7-410F-9EE7-A71CAB697AA3}.Release|x86.ActiveCfg = Release|x86
		{A5655C45-34C7-410F-9EE7-A71CAB697AA3}.Release|x86.Build.0 = Release|x86
		{A5655C45-34C7-410F-9EE7-A71CAB697AA3}.Release|x86.Deploy.0 = Release|x86
		{4D03285A-E48D-432C-8D87-ED34F631949F}.Debug|Any CPU.ActiveCfg = Debug|Any CPU
		{4D03285A-E48D-432C-8D87-ED34F631949F}.Debug|Any CPU.Build.0 = Debug|Any CPU
		{4D03285A-E48D-432C-8D87-ED34F631949F}.Debug|Any CPU.Deploy.0 = Debug|Any CPU
		{4D03285A-E48D-432C-8D87-ED34F631949F}.Debug|ARM.ActiveCfg = Debug|ARM
		{4D03285A-E48D-432C-8D87-ED34F631949F}.Debug|ARM.Build.0 = Debug|ARM
		{4D03285A-E48D-432C-8D87-ED34F631949F}.Debug|ARM.Deploy.0 = Debug|ARM
		{4D03285A-E48D-432C-8D87-ED34F631949F}.Debug|x64.ActiveCfg = Debug|Any CPU
		{4D03285A-E48D-432C-8D87-ED34F631949F}.Debug|x86.ActiveCfg = Debug|x86
		{4D03285A-E48D-432C-8D87-ED34F631949F}.Debug|x86.Build.0 = Debug|x86
		{4D03285A-E48D-432C-8D87-ED34F631949F}.Debug|x86.Deploy.0 = Debug|x86
		{4D03285A-E48D-432C-8D87-ED34F631949F}.Release|Any CPU.ActiveCfg = Release|Any CPU
		{4D03285A-E48D-432C-8D87-ED34F631949F}.Release|Any CPU.Build.0 = Release|Any CPU
		{4D03285A-E48D-432C-8D87-ED34F631949F}.Release|Any CPU.Deploy.0 = Release|Any CPU
		{4D03285A-E48D-432C-8D87-ED34F631949F}.Release|ARM.ActiveCfg = Release|ARM
		{4D03285A-E48D-432C-8D87-ED34F631949F}.Release|ARM.Build.0 = Release|ARM
		{4D03285A-E48D-432C-8D87-ED34F631949F}.Release|ARM.Deploy.0 = Release|ARM
		{4D03285A-E48D-432C-8D87-ED34F631949F}.Release|x64.ActiveCfg = Release|Any CPU
		{4D03285A-E48D-432C-8D87-ED34F631949F}.Release|x86.ActiveCfg = Release|x86
		{4D03285A-E48D-432C-8D87-ED34F631949F}.Release|x86.Build.0 = Release|x86
		{4D03285A-E48D-432C-8D87-ED34F631949F}.Release|x86.Deploy.0 = Release|x86
	EndGlobalSection
	GlobalSection(SolutionProperties) = preSolution
		HideSolutionNode = FALSE
	EndGlobalSection
	GlobalSection(NestedProjects) = preSolution
		{35815117-1642-4755-91AD-68835FC5EDDC} = {9DB291F5-D60A-429D-9ECA-400771B42ABE}
		{A5655C45-34C7-410F-9EE7-A71CAB697AA3} = {9DB291F5-D60A-429D-9ECA-400771B42ABE}
		{4D03285A-E48D-432C-8D87-ED34F631949F} = {9DB291F5-D60A-429D-9ECA-400771B42ABE}
	EndGlobalSection
EndGlobal
